
Microsoft Visual Studio Solution File, Format Version 12.00
# Visual Studio Version 16
VisualStudioVersion = 16.0.30503.244
MinimumVisualStudioVersion = 10.0.40219.1
Project("{FAE04EC0-301F-11D3-BF4B-00C04F79EFBC}") = "dayFour", "dayFour\dayFour.csproj", "{09601C45-19AC-426A-96F5-A7AE31B7A677}"
EndProject
Global
	GlobalSection(SolutionConfigurationPlatforms) = preSolution
		Debug|Any CPU = Debug|Any CPU
		Release|Any CPU = Release|Any CPU
	EndGlobalSection
	GlobalSection(ProjectConfigurationPlatforms) = postSolution
		{09601C45-19AC-426A-96F5-A7AE31B7A677}.Debug|Any CPU.ActiveCfg = Debug|Any CPU
		{09601C45-19AC-426A-96F5-A7AE31B7A677}.Debug|Any CPU.Build.0 = Debug|Any CPU
		{09601C45-19AC-426A-96F5-A7AE31B7A677}.Release|Any CPU.ActiveCfg = Release|Any CPU
		{09601C45-19AC-426A-96F5-A7AE31B7A677}.Release|Any CPU.Build.0 = Release|Any CPU
	EndGlobalSection
	GlobalSection(SolutionProperties) = preSolution
		HideSolutionNode = FALSE
	EndGlobalSection
	GlobalSection(ExtensibilityGlobals) = postSolution
		SolutionGuid = {AD7E2120-A52D-42E3-BA5E-A629AF9E5F61}
	EndGlobalSection
EndGlobal
